{
    "_readme": [
        "This file locks the dependencies of your project to a known state",
        "Read more about it at https://getcomposer.org/doc/01-basic-usage.md#installing-dependencies",
        "This file is @generated automatically"
    ],
    "content-hash": "9988b02ad6ab7cf708f81b7d3deccec0",
    "packages": [
        {
            "name": "kevinpirnie/kpt-database",
            "version": "v1.0.04",
            "source": {
                "type": "git",
                "url": "https://github.com/kpirnie/kp-database.git",
                "reference": "00f1dfff932e797efdfc0451d9563a274d50baa9"
            },
            "dist": {
                "type": "zip",
                "url": "https://api.github.com/repos/kpirnie/kp-database/zipball/00f1dfff932e797efdfc0451d9563a274d50baa9",
                "reference": "00f1dfff932e797efdfc0451d9563a274d50baa9",
                "shasum": ""
            },
            "require": {
                "ext-pdo": "*",
                "kevinpirnie/kpt-logger": "^1.0",
                "php": ">=8.1"
            },
            "require-dev": {
                "phpstan/phpstan": "^1.10",
                "phpunit/phpunit": "^10.0 || ^11.0",
                "squizlabs/php_codesniffer": "^3.7"
            },
            "type": "library",
            "autoload": {
                "psr-4": {
                    "KPT\\": "src/"
                }
            },
            "notification-url": "https://packagist.org/downloads/",
            "license": [
                "MIT"
            ],
            "authors": [
                {
                    "name": "Kevin Pirnie",
                    "email": "me@kpirnie.com",
                    "role": "Developer"
                }
            ],
            "description": "A modern, fluent PHP database wrapper built on top of PDO, providing an elegant and secure way to interact with MySQL databases",
            "homepage": "https://github.com/kpirnie/kp-database",
            "keywords": [
                "database",
                "fluent",
                "mysql",
                "orm",
                "pdo",
                "query-builder",
                "sql"
            ],
            "support": {
                "issues": "https://github.com/kpirnie/kp-database/issues",
                "source": "https://github.com/kpirnie/kp-database"
            },
            "funding": [
                {
                    "url": "https://github.com/sponsors/kpirnie",
                    "type": "github"
                }
            ],
            "time": "2025-10-27T11:44:53+00:00"
        },
        {
            "name": "kevinpirnie/kpt-logger",
            "version": "v1.0.02",
            "source": {
                "type": "git",
                "url": "https://github.com/kpirnie/kp-logger.git",
                "reference": "d3308dd181b0fd80543f62c8dbd7d2d64f2cefcc"
            },
            "dist": {
                "type": "zip",
                "url": "https://api.github.com/repos/kpirnie/kp-logger/zipball/d3308dd181b0fd80543f62c8dbd7d2d64f2cefcc",
                "reference": "d3308dd181b0fd80543f62c8dbd7d2d64f2cefcc",
                "shasum": ""
            },
            "require": {
                "php": ">=8.0"
            },
            "require-dev": {
                "phpstan/phpstan": "^1.10",
                "phpunit/phpunit": "^10.0 || ^11.0",
                "squizlabs/php_codesniffer": "^3.9"
            },
            "type": "library",
            "autoload": {
                "psr-4": {
                    "KPT\\": "src/"
                }
            },
            "notification-url": "https://packagist.org/downloads/",
            "license": [
                "MIT"
            ],
            "authors": [
                {
                    "name": "Kevin Pirnie",
                    "email": "me@kpirnie.com",
                    "role": "Developer"
                }
            ],
            "description": "Simple Universal Application Logger for PHP with configurable output destinations and four standard log levels",
            "homepage": "https://github.com/kpirnie/kpt-logger",
            "keywords": [
                "debug",
                "error",
                "file-logging",
                "info",
                "logger",
                "logging",
                "stack-trace",
                "system-log",
                "warning"
            ],
            "support": {
                "issues": "https://github.com/kpirnie/kpt-logger/issues",
                "source": "https://github.com/kpirnie/kpt-logger"
            },
            "funding": [
                {
                    "url": "https://github.com/sponsors/kpirnie",
                    "type": "github"
                }
            ],
            "time": "2025-08-18T11:52:51+00:00"
        }
    ],
    "packages-dev": [],
    "aliases": [],
    "minimum-stability": "stable",
    "stability-flags": {},
    "prefer-stable": true,
    "prefer-lowest": false,
    "platform": {
        "php": ">=8.2"
    },
    "platform-dev": {},
    "plugin-api-version": "2.6.0"
}
